version = 1
revision = 3
requires-python = ">=3.12"

[[package]]
name = "colorama"
version = "0.4.6"
source = { registry = "https://pypi.org/simple" }
sdist = { url = "https://files.pythonhosted.org/packages/d8/53/6f443c9a4a8358a93a6792e2acffb9d9d5cb0a5cfd8802644b7b1c9a02e4/colorama-0.4.6.tar.gz", hash = "sha256:08695f5cb7ed6e0531a20572697297273c47b8cae5a63ffc6d6ed5c201be6e44", size = 27697, upload-time = "2022-10-25T02:36:22.414Z" }
wheels = [
    { url = "https://files.pythonhosted.org/packages/d1/d6/3965ed04c63042e047cb6a3e6ed1a63a35087b6a609aa3a15ed8ac56c221/colorama-0.4.6-py2.py3-none-any.whl", hash = "sha256:4f1d9991f5acc0ca119f9d443620b77f9d6b33703e51011c16baf57afb285fc6", size = 25335, upload-time = "2022-10-25T02:36:20.889Z" },
]

[[package]]
name = "execnet"
version = "2.1.2"
source = { registry = "https://pypi.org/simple" }
sdist = { url = "https://files.pythonhosted.org/packages/bf/89/780e11f9588d9e7128a3f87788354c7946a9cbb1401ad38a48c4db9a4f07/execnet-2.1.2.tar.gz", hash = "sha256:63d83bfdd9a23e35b9c6a3261412324f964c2ec8dcd8d3c6916ee9373e0befcd", size = 166622, upload-time = "2025-11-12T09:56:37.75Z" }
wheels = [
    { url = "https://files.pythonhosted.org/packages/ab/84/02fc1827e8cdded4aa65baef11296a9bbe595c474f0d6d758af082d849fd/execnet-2.1.2-py3-none-any.whl", hash = "sha256:67fba928dd5a544b783f6056f449e5e3931a5c378b128bc18501f7ea79e296ec", size = 40708, upload-time = "2025-11-12T09:56:36.333Z" },
]

[[package]]
name = "hypothesis"
version = "6.161.5"
source = { registry = "https://pypi.org/simple" }
dependencies = [
    { name = "sortedcontainers" },
]
sdist = { url = "https://files.pythonhosted.org/packages/17/94/d208ced653376e7e0a2f0429ee5be864dd0b59393b98a8b41a35ceb4d035/hypothesis-6.161.5.tar.gz", hash = "sha256:ba73a3c3b68e63a0bee5ea1a8a13efce60bcc7ee5fc7e71df2954db39c225b95", size = 486653, upload-time = "2026-07-25T14:39:34.866Z" }
wheels = [
    { url = "https://files.pythonhosted.org/packages/34/58/e48aa878d119474631fc097d511b5e70807dfe56be4b244cce0275f1805e/hypothesis-6.161.5-cp310-abi3-macosx_10_12_x86_64.whl", hash = "sha256:4c89e0c35d7cd70af2a0a5f0b5ad69d1898c369adf15115c6d4271d47bf1b280", size = 766970, upload-time = "2026-07-25T14:38:42.613Z" },
    { url = "https://files.pythonhosted.org/packages/9c/ff/c83c1a4d5d3c4b6a4dc1fcb5069245171b7a30ad5dd31f44282e8881e089/hypothesis-6.161.5-cp310-abi3-macosx_11_0_arm64.whl", hash = "sha256:1bb987e519a6d00675bab124c925000637e2e59384196b0ded5d108dc1851449", size = 762574, upload-time = "2026-07-25T14:38:15.427Z" },
    { url = "https://files.pythonhosted.org/packages/d2/04/7a5ba16cd14340009d1d8aa46083bf3a3a55c5b0d1ccf553e6f6748ee0e8/hypothesis-6.161.5-cp310-abi3-manylinux_2_17_aarch64.manylinux2014_aarch64.whl", hash = "sha256:5990e9e2e145ff5369c95ad684bd6eee7ebd2d4de37d37eea4c6ca5e339e2a52", size = 1091754, upload-time = "2026-07-25T14:38:38.562Z" },
    { url = "https://files.pythonhosted.org/packages/70/69/031913f7408ebb41e31a9b20e5bca75c5a64ab151d57ca75e944a09ba6e0/hypothesis-6.161.5-cp310-abi3-manylinux_2_17_armv7l.manylinux2014_armv7l.whl", hash = "sha256:2a5c6400c58c9c3d616ad7177ada12ae577e5103b3b0df6e79920729250bf100", size = 1120372, upload-time = "2026-07-25T14:38:18.962Z" },
    { url = "https://files.pythonhosted.org/packages/b9/95/360884e86ab99099340fca781531286c26d40ce32c853097e76537cc0726/hypothesis-6.161.5-cp310-abi3-manylinux_2_17_x86_64.manylinux2014_x86_64.whl", hash = "sha256:71aa718e08bdfbacd1a5d8f86ffd55f1d86e64a57cec6a107144d883b522823e", size = 1141230, upload-time = "2026-07-25T14:39:03.757Z" },
    { url = "https://files.pythonhosted.org/packages/bc/5b/6f3c9fbe9191432f33c9aaf951cf5a5416533848999f2e2c6a20ec00098b/hypothesis-6.161.5-cp310-abi3-manylinux_2_31_riscv64.whl", hash = "sha256:66912038467e1af791f76336bc079d669f7c8bbf7aeb85bdd52e83259d885122", size = 1096611, upload-time = "2026-07-25T14:38:34.688Z" },
    { url = "https://files.pythonhosted.org/packages/32/c7/d126b9f66295fed5d5745f98ad92f485c98dee303dd67ea7a53fe4a903aa/hypothesis-6.161.5-cp310-abi3-manylinux_2_5_i686.manylinux1_i686.whl", hash = "sha256:99d8b2380d0bba602df963d6e42d56bb50cf1734376c1b9b14dcab3cec21814e", size = 1133382, upload-time = "2026-07-25T14:38:20.27Z" },
    { url = "https://files.pythonhosted.org/packages/56/de/277a17091687f298079c197cadd806d64908c5a08c9c91bb27b834192503/hypothesis-6.161.5-cp310-abi3-musllinux_1_2_aarch64.whl", hash = "sha256:19e57e621c6abd98123a91bd4b022bde7760ba709f1ca121f822d9aa291bd001", size = 1265592, upload-time = "2026-07-25T14:38:11.734Z" },
    { url = "https://files.pythonhosted.org/packages/d7/e5/3f15b1a43cb70b223427ce3a9a6afbe430bf1754b3346ac546a3df38b96b/hypothesis-6.161.5-cp310-abi3-musllinux_1_2_armv7l.whl", hash = "sha256:3b74cced62995ed2e0096fa63d0b7babd1fa08ce1944cff41134275516848708", size = 1393424, upload-time = "2026-07-25T14:38:46.738Z" },
    { url = "https://files.pythonhosted.org/packages/1a/1d/a3cf1441550dbf5a362dcfa19c831721f3bb6a749eb53ecbdfc983959027/hypothesis-6.161.5-cp310-abi3-musllinux_1_2_riscv64.whl", hash = "sha256:fd37a0257647288be8c27d56a78a31da2b65e3b6254511f03164f5e1c786187a", size = 1266197, upload-time = "2026-07-25T14:39:33.052Z" },
    { url = "https://files.pythonhosted.org/packages/57/e5/2616432d6144057b6c8f4409c95d95610bdbdf07fecb6618e98761861c24/hypothesis-6.161.5-cp310-abi3-musllinux_1_2_x86_64.whl", hash = "sha256:cf9dfba054164e481f05774c70b65ea88ba735b986cdc44f5210ef40871a32e9", size = 1308330, upload-time = "2026-07-25T14:39:27.86Z" },
    { url = "https://files.pythonhosted.org/packages/f7/cd/9e9c7a88858f84447e44e45c8b9fd1058120b4d5fa9bab9c3ceb9b9cf96b/hypothesis-6.161.5-cp310-abi3-win32.whl", hash = "sha256:8763938787e6c98e461f8c11139981597d083e6915a9956db1c26cc609bc7b19", size = 652819, upload-time = "2026-07-25T14:38:35.915Z" },
    { url = "https://files.pythonhosted.org/packages/03/23/aae37b5bb2014e0e01e372498f7f5977b9fd61a0179143854b7fb0538b1c/hypothesis-6.161.5-cp310-abi3-win_amd64.whl", hash = "sha256:79b5d069095a726dca5b6b7e4c5d268acc809a6595c46d7eee860708f960cb8f", size = 658970, upload-time = "2026-07-25T14:39:05.239Z" },
    { url = "https://files.pythonhosted.org/packages/bf/37/71a53545f2732574bdd7a45a6e073043bce3447fec4aa722211ebf742f2e/hypothesis-6.161.5-cp312-cp312-macosx_10_12_x86_64.whl", hash = "sha256:37016b6b4842993b06ee453dda4dedac5ef328cefa6daa36372d261abf12db43", size = 768565, upload-time = "2026-07-25T14:38:14.362Z" },
    { url = "https://files.pythonhosted.org/packages/e6/56/7f32ba1443d5819b324444e7d5ebcf207ba4a0f9219a1693a7994293fd3f/hypothesis-6.161.5-cp312-cp312-macosx_11_0_arm64.whl", hash = "sha256:d60a204b86936b29d8914f93a99c59a2ecd4e311be793bf32a3f94774d41e016", size = 760188, upload-time = "2026-07-25T14:38:07.894Z" },
    { url = "https://files.pythonhosted.org/packages/07/0d/699436929d2980103c9ddba153872ebed55cfcc13f0f78c1741ac6128205/hypothesis-6.161.5-cp312-cp312-manylinux_2_17_aarch64.manylinux2014_aarch64.whl", hash = "sha256:cee9f1a563830a9137b9d1505c9c4fac760bc43dfbfa5873bebefe36c8dca4ec", size = 1090570, upload-time = "2026-07-25T14:39:00.492Z" },
    { url = "https://files.pythonhosted.org/packages/8a/a5/2c28b58d16443fd8ad63e4f287440291a42135073748e5e511084f32a6f3/hypothesis-6.161.5-cp312-cp312-manylinux_2_17_x86_64.manylinux2014_x86_64.whl", hash = "sha256:d7fcf44f9876b7b4fdc40b607342219c634cf6a1acc708dc0ff88e8e48ae8ea2", size = 1140601, upload-time = "2026-07-25T14:39:21.403Z" },
    { url = "https://files.pythonhosted.org/packages/4e/fe/f0f87c38dc741687bace80553478f8c9796ba5b6e68793a80990d79ec5ac/hypothesis-6.161.5-cp312-cp312-musllinux_1_2_aarch64.whl", hash = "sha256:59088f6458d2a6ef04724a2a639418c97dd8b8c280bfd222fcc5566854560caf", size = 1263341, upload-time = "2026-07-25T14:38:41.257Z" },
    { url = "https://files.pythonhosted.org/packages/44/db/02e30bcdb3434f4eee8fdbebf5cf151fecd37d2a76f2fc19f2745c93ca38/hypothesis-6.161.5-cp312-cp312-musllinux_1_2_x86_64.whl", hash = "sha256:ea8e7e6bed5407ab902026d8cac74d10cac894a496d82e261a0beaca499114dc", size = 1307604, upload-time = "2026-07-25T14:39:19.867Z" },
    { url = "https://files.pythonhosted.org/packages/1d/70/1f6349a244f13c5a383a62ca674d3175018c7fc30fbaad10faa859d5c2cf/hypothesis-6.161.5-cp312-cp312-win_amd64.whl", hash = "sha256:a4ad11f4eafd561a672cb9fa977d0f58ab4ae9cf4b160dd3c12c351089f3e2be", size = 656103, upload-time = "2026-07-25T14:38:57.639Z" },
    { url = "https://files.pythonhosted.org/packages/52/07/86f98ebd945f3f8a821c1e7bf9b530902675145d93ed44fa56a309cc24fd/hypothesis-6.161.5-cp313-cp313-macosx_10_12_x86_64.whl", hash = "sha256:3b4c308ff19741ab9f795cac61cce61227f55a1b9767ad525a34de8b01391d1d", size = 768455, upload-time = "2026-07-25T14:38:27.821Z" },
    { url = "https://files.pythonhosted.org/packages/70/11/93c00ba5c77b886017ea8eaa42de8ca937e319032c4251b0540fc1838ae1/hypothesis-6.161.5-cp313-cp313-macosx_11_0_arm64.whl", hash = "sha256:ef16fac46cd5675504a4d3824f443f6842b80fae8b6d15ecffa9c90e0fcf4522", size = 760099, upload-time = "2026-07-25T14:38:04.918Z" },
    { url = "https://files.pythonhosted.org/packages/86/13/c8787cfae81c816976c1b3aaa43294c3abd6fd055a0147122edd7357a349/hypothesis-6.161.5-cp313-cp313-manylinux_2_17_aarch64.manylinux2014_aarch64.whl", hash = "sha256:dc4c6aab8dbabb98b9c5ca8da8fa9294d2e5173432a12abcb447e83e666fa430", size = 1090486, upload-time = "2026-07-25T14:39:26.243Z" },
    { url = "https://files.pythonhosted.org/packages/f8/be/48f4f56bfb24787aa27e5ae851d1aee5214ab6e95311cf8c88a56707941f/hypothesis-6.161.5-cp313-cp313-manylinux_2_17_x86_64.manylinux2014_x86_64.whl", hash = "sha256:6f485e3c7ead1f76a8c060b16c6b50e5615264819e95b794c6fc6882a9cbfdc4", size = 1140433, upload-time = "2026-07-25T14:38:59.043Z" },
    { url = "https://files.pythonhosted.org/packages/2e/50/c119bfec24d267e4af5bdefda8fd490f7b3a7ee36a52d5ac0b88e07c10b3/hypothesis-6.161.5-cp313-cp313-musllinux_1_2_aarch64.whl", hash = "sha256:75bb899b2db5c45dbfa6ef704c26259bfd27fb3418179c3bd5788b7f2ecce72d", size = 1263296, upload-time = "2026-07-25T14:38:06.719Z" },
    { url = "https://files.pythonhosted.org/packages/81/89/eeb97a9684e3eaae801dd538058202b0b65c2aaecea0211e17d79f731170/hypothesis-6.161.5-cp313-cp313-musllinux_1_2_x86_64.whl", hash = "sha256:894e5d9e2cd97798c3dc2731699098c7f800a7905572db1677e0d27d3b41f541", size = 1307324, upload-time = "2026-07-25T14:38:24.881Z" },
    { url = "https://files.pythonhosted.org/packages/15/9d/e0c64a64721ba169dff5a6f12236d5102f8c76f661598d7837591ec7b375/hypothesis-6.161.5-cp313-cp313-win_amd64.whl", hash = "sha256:62452bb19d73496a74919d82afc6306bf9bd42b8cf1dfce21da3802c596a59b1", size = 656067, upload-time = "2026-07-25T14:38:37.157Z" },
    { url = "https://files.pythonhosted.org/packages/31/27/0c6884785ab6afb41305296b2a5fac2c5d1d26dba40e85c70909b8692fce/hypothesis-6.161.5-cp314-cp314-macosx_10_12_x86_64.whl", hash = "sha256:35b41648b547a233dd89bed37a3ce8c8298a454fd7133b27b0a37ced135eddfe", size = 768668, upload-time = "2026-07-25T14:39:15.033Z" },
    { url = "https://files.pythonhosted.org/packages/7b/12/17c63bba85201d5fa9db89841e8548c4fa6b240b2437c80d606a65889eb6/hypothesis-6.161.5-cp314-cp314-macosx_11_0_arm64.whl", hash = "sha256:429d2179b01787a54f8ccd150c02077a6feb973f14ef31664227148c6a1fadff", size = 760240, upload-time = "2026-07-25T14:38:43.93Z" },
    { url = "https://files.pythonhosted.org/packages/a2/df/1084fd695a1516120a5ea26c026d9f0a071fdf9efcba774c94c09332b372/hypothesis-6.161.5-cp314-cp314-manylinux_2_17_aarch64.manylinux2014_aarch64.whl", hash = "sha256:b23fc5441ef297d56797dd372889dec38ddf3662468772b347db2fd8fd43eced", size = 1090987, upload-time = "2026-07-25T14:39:06.646Z" },
    { url = "https://files.pythonhosted.org/packages/a0/a3/bef99daeaf6d1d2db09790cd4ec9ce0cdcac52faaf1fd80b4eaba5d5ea5e/hypothesis-6.161.5-cp314-cp314-manylinux_2_17_x86_64.manylinux2014_x86_64.whl", hash = "sha256:5f42dcc7fee0d4d56d011218b8c4d5afa6cdee5dbc690652d2a1a598d21969a3", size = 1140613, upload-time = "2026-07-25T14:38:26.284Z" },
    { url = "https://files.pythonhosted.org/packages/9f/09/ce1f6e29d897c7dcb7de1665a9e30d1e00500933caec697a4338db9e7bd0/hypothesis-6.161.5-cp314-cp314-musllinux_1_2_aarch64.whl", hash = "sha256:2825fac0d0428cb5e7826347aa4e60106d28f32948cd58c837097f3bd96dbf6c", size = 1263802, upload-time = "2026-07-25T14:38:33.277Z" },
    { url = "https://files.pythonhosted.org/packages/81/e5/7b33aae590bc457fffba70c4f19cc150e3ca356f8e15322f9224c5372a64/hypothesis-6.161.5-cp314-cp314-musllinux_1_2_x86_64.whl", hash = "sha256:e9f859ecfd3e00ebb8a36fbb36a8951513fd8e09103a56c645b102e0a51dd1bc", size = 1307642, upload-time = "2026-07-25T14:39:29.729Z" },
    { url = "https://files.pythonhosted.org/packages/d4/8b/4156a9e70bf8c69f54954539ca805e7311048516b665c5f87bee2c1955b7/hypothesis-6.161.5-cp314-cp314-pyemscripten_2026_0_wasm32.whl", hash = "sha256:b2647c2d5da341467c1ffaad0dd86d8612e27da2419e76b3b6ee79a33bba7d86", size = 600146, upload-time = "2026-07-25T14:38:17.815Z" },
    { url = "https://files.pythonhosted.org/packages/f9/db/48a518f3f2facd7b280592f81dbb0ba09109656be4ad3dbf0d95a02b4c02/hypothesis-6.161.5-cp314-cp314-win_amd64.whl", hash = "sha256:7c40dd1a3e99497d48a3cfd4c5d71bdb0cd70402a9e09eceb160f045edc92b3a", size = 655981, upload-time = "2026-07-25T14:39:16.52Z" },
    { url = "https://files.pythonhosted.org/packages/25/92/1e9f9f44ef75fc052cc0e3700cfc7d52fd4af1ed9e8b2945d19956bb83cb/hypothesis-6.161.5-cp314-cp314t-macosx_10_12_x86_64.whl", hash = "sha256:6c1b7e1d508a3cc5c10ea7a7a4a7d3b0b56fe6291e8936bb9d052af530380b15", size = 767251, upload-time = "2026-07-25T14:38:52.608Z" },
    { url = "https://files.pythonhosted.org/packages/48/31/0c3f824bbb1fccc0338930c8ef855880065d9d58dddf9547a1b9ae4e664d/hypothesis-6.161.5-cp314-cp314t-macosx_11_0_arm64.whl", hash = "sha256:b0926ba51452c24b92fbcbb30d28cc43fd6cd9e636ea2134fbc1cc2c9da109de", size = 758710, upload-time = "2026-07-25T14:38:09.156Z" },
    { url = "https://files.pythonhosted.org/packages/ab/6b/5811dbb4c1dc0a772519fb9af9c4089128bceeb5deb4c36a887e1e731920/hypothesis-6.161.5-cp314-cp314t-manylinux_2_17_aarch64.manylinux2014_aarch64.whl", hash = "sha256:ba8d0346308b558bfbb49f965ed1d9d5bb65758f4530cb30ce1f9bd911a130b4", size = 1089583, upload-time = "2026-07-25T14:38:49.83Z" },
    { url = "https://files.pythonhosted.org/packages/5f/29/f9cbfd9d0aaea5370a7ceb966f6c8d47e9101ee9a6623606e9f564a59c6e/hypothesis-6.161.5-cp314-cp314t-manylinux_2_17_x86_64.manylinux2014_x86_64.whl", hash = "sha256:2c64079ef4633ab7b540f532107188d75999ee5b342116636312e09ada15783e", size = 1139525, upload-time = "2026-07-25T14:38:29.262Z" },
    { url = "https://files.pythonhosted.org/packages/99/27/f56a03be4ee21f25828e8fba8a502d6840826aea4ff784ff54cbd1f51175/hypothesis-6.161.5-cp314-cp314t-musllinux_1_2_aarch64.whl", hash = "sha256:ed3eede1c23689edb4773b4c2303ee91518e82056a0a4893fc8415b18e5c3e8b", size = 1261963, upload-time = "2026-07-25T14:38:31.931Z" },
    { url = "https://files.pythonhosted.org/packages/b0/ea/72e11fe6832a68674271655be5cb6f035502dd328ea629b3ee510fb130a5/hypothesis-6.161.5-cp314-cp314t-musllinux_1_2_x86_64.whl", hash = "sha256:82b1088ebcad5ab6d146caf9a1552019472a8a9302727f1be5939e30460a101b", size = 1306382, upload-time = "2026-07-25T14:38:13.011Z" },
    { url = "https://files.pythonhosted.org/packages/df/8b/bb039d11a805db0977904c245fa3dcf6d266808482d9dfc6dad3e5f1b256/hypothesis-6.161.5-cp314-cp314t-win_amd64.whl", hash = "sha256:bbe8705ff394a573624cd53f2192dad6255c86346704adf9873cb3acb9b940e5", size = 656131, upload-time = "2026-07-25T14:38:16.712Z" },
]

[[package]]
name = "iniconfig"
version = "2.3.0"
source = { registry = "https://pypi.org/simple" }
sdist = { url = "https://files.pythonhosted.org/packages/72/34/14ca021ce8e5dfedc35312d08ba8bf51fdd999c576889fc2c24cb97f4f10/iniconfig-2.3.0.tar.gz", hash = "sha256:c76315c77db068650d49c5b56314774a7804df16fee4402c1f19d6d15d8c4730", size = 20503, upload-time = "2025-10-18T21:55:43.219Z" }
wheels = [
    { url = "https://files.pythonhosted.org/packages/cb/b1/3846dd7f199d53cb17f49cba7e651e9ce294d8497c8c150530ed11865bb8/iniconfig-2.3.0-py3-none-any.whl", hash = "sha256:f631c04d2c48c52b84d0d0549c99ff3859c98df65b3101406327ecc7d53fbf12", size = 7484, upload-time = "2025-10-18T21:55:41.639Z" },
]

[[package]]
name = "nodeenv"
version = "1.10.0"
source = { registry = "https://pypi.org/simple" }
sdist = { url = "https://files.pythonhosted.org/packages/24/bf/d1bda4f6168e0b2e9e5958945e01910052158313224ada5ce1fb2e1113b8/nodeenv-1.10.0.tar.gz", hash = "sha256:996c191ad80897d076bdfba80a41994c2b47c68e224c542b48feba42ba00f8bb", size = 55611, upload-time = "2025-12-20T14:08:54.006Z" }
wheels = [
    { url = "https://files.pythonhosted.org/packages/88/b2/d0896bdcdc8d28a7fc5717c305f1a861c26e18c05047949fb371034d98bd/nodeenv-1.10.0-py2.py3-none-any.whl", hash = "sha256:5bb13e3eed2923615535339b3c620e76779af4cb4c6a90deccc9e36b274d3827", size = 23438, upload-time = "2025-12-20T14:08:52.782Z" },
]

[[package]]
name = "packaging"
version = "26.2"
source = { registry = "https://pypi.org/simple" }
sdist = { url = "https://files.pythonhosted.org/packages/d7/f1/e7a6dd94a8d4a5626c03e4e99c87f241ba9e350cd9e6d75123f992427270/packaging-26.2.tar.gz", hash = "sha256:ff452ff5a3e828ce110190feff1178bb1f2ea2281fa2075aadb987c2fb221661", size = 228134, upload-time = "2026-04-24T20:15:23.917Z" }
wheels = [
    { url = "https://files.pythonhosted.org/packages/df/b2/87e62e8c3e2f4b32e5fe99e0b86d576da1312593b39f47d8ceef365e95ed/packaging-26.2-py3-none-any.whl", hash = "sha256:5fc45236b9446107ff2415ce77c807cee2862cb6fac22b8a73826d0693b0980e", size = 100195, upload-time = "2026-04-24T20:15:22.081Z" },
]

[[package]]
name = "pluggy"
version = "1.6.0"
source = { registry = "https://pypi.org/simple" }
sdist = { url = "https://files.pythonhosted.org/packages/f9/e2/3e91f31a7d2b083fe6ef3fa267035b518369d9511ffab804f839851d2779/pluggy-1.6.0.tar.gz", hash = "sha256:7dcc130b76258d33b90f61b658791dede3486c3e6bfb003ee5c9bfb396dd22f3", size = 69412, upload-time = "2025-05-15T12:30:07.975Z" }
wheels = [
    { url = "https://files.pythonhosted.org/packages/54/20/4d324d65cc6d9205fabedc306948156824eb9f0ee1633355a8f7ec5c66bf/pluggy-1.6.0-py3-none-any.whl", hash = "sha256:e920276dd6813095e9377c0bc5566d94c932c33b27a3e3945d8389c374dd4746", size = 20538, upload-time = "2025-05-15T12:30:06.134Z" },
]

[[package]]
name = "pyaes"
version = "1.6.1"
source = { registry = "https://pypi.org/simple" }
sdist = { url = "https://files.pythonhosted.org/packages/44/66/2c17bae31c906613795711fc78045c285048168919ace2220daa372c7d72/pyaes-1.6.1.tar.gz", hash = "sha256:02c1b1405c38d3c370b085fb952dd8bea3fadcee6411ad99f312cc129c536d8f", size = 28536, upload-time = "2017-09-20T21:17:54.23Z" }

[[package]]
name = "pyasn1"
version = "0.6.4"
source = { registry = "https://pypi.org/simple" }
sdist = { url = "https://files.pythonhosted.org/packages/a4/9a/23310166d960def5897e91fe20e5b724601b02a22e84ba1f94232c0b7f67/pyasn1-0.6.4.tar.gz", hash = "sha256:9c447d8431c947fe4c8febc4ed9e760bc29011a5b01e5c74b67025bd9fb8ce81", size = 151262, upload-time = "2026-07-09T01:12:33.988Z" }
wheels = [
    { url = "https://files.pythonhosted.org/packages/9a/3b/6163796d69c3977d1e4287bea4a6979161cbbdd170ebb430511e8e1999ce/pyasn1-0.6.4-py3-none-any.whl", hash = "sha256:deda9277cfd454080ec40b207fb6df82206a3a2688735233cdcd8d3d565f088b", size = 84410, upload-time = "2026-07-09T01:12:32.92Z" },
]

[[package]]
name = "pygments"
version = "2.20.0"
source = { registry = "https://pypi.org/simple" }
sdist = { url = "https://files.pythonhosted.org/packages/c3/b2/bc9c9196916376152d655522fdcebac55e66de6603a76a02bca1b6414f6c/pygments-2.20.0.tar.gz", hash = "sha256:6757cd03768053ff99f3039c1a36d6c0aa0b263438fcab17520b30a303a82b5f", size = 4955991, upload-time = "2026-03-29T13:29:33.898Z" }
wheels = [
    { url = "https://files.pythonhosted.org/packages/f4/7e/a72dd26f3b0f4f2bf1dd8923c85f7ceb43172af56d63c7383eb62b332364/pygments-2.20.0-py3-none-any.whl", hash = "sha256:81a9e26dd42fd28a23a2d169d86d7ac03b46e2f8b59ed4698fb4785f946d0176", size = 1231151, upload-time = "2026-03-29T13:29:30.038Z" },
]

[[package]]
name = "pyright"
version = "1.1.411"
source = { registry = "https://pypi.org/simple" }
dependencies = [
    { name = "nodeenv" },
    { name = "typing-extensions" },
]
sdist = { url = "https://files.pythonhosted.org/packages/7e/ab/265f7dc69d28113ebba19092e57b075f41543b2ed048429c5f56e2b88eac/pyright-1.1.411.tar.gz", hash = "sha256:d885a0551f2e763b089a02702174e7f4ba77548cddabc972ab86d1f7f1b0f998", size = 4112861, upload-time = "2026-06-25T02:14:06.37Z" }
wheels = [
    { url = "https://files.pythonhosted.org/packages/0a/49/385be530a6a5b78d1cbcd5c2e38debc8959a2fc6bdb716f4e581002979fc/pyright-1.1.411-py3-none-any.whl", hash = "sha256:dc7c72a8e2700c55baa127554040e067041ea53ccfd50bf96308cc4291c7d5d9", size = 6181526, upload-time = "2026-06-25T02:14:04.691Z" },
]

[[package]]
name = "pytest"
version = "9.1.1"
source = { registry = "https://pypi.org/simple" }
dependencies = [
    { name = "colorama", marker = "sys_platform == 'win32'" },
    { name = "iniconfig" },
    { name = "packaging" },
    { name = "pluggy" },
    { name = "pygments" },
]
sdist = { url = "https://files.pythonhosted.org/packages/e4/47/b9efed96c114afcfa3c9d3fe98a76a1d14c74a9e266d397cf6eb64be5e01/pytest-9.1.1.tar.gz", hash = "sha256:1088fbde8f2b49d95a549a195707afa7a76a3ce9bcadc26b6d71f0ffda5fe313", size = 1636369, upload-time = "2026-06-19T10:58:32.857Z" }
wheels = [
    { url = "https://files.pythonhosted.org/packages/24/25/1de2678b631f5a49215c6c96fff41ba892b0a34df68d6d80292b1b48aa7f/pytest-9.1.1-py3-none-any.whl", hash = "sha256:37a86b45efb9a47a61a36449063e8e18d0cab3161329fc099eb21783169c4f0c", size = 386536, upload-time = "2026-06-19T10:58:31.347Z" },
]

[[package]]
name = "pytest-asyncio"
version = "1.4.0"
source = { registry = "https://pypi.org/simple" }
dependencies = [
    { name = "pytest" },
    { name = "typing-extensions", marker = "python_full_version < '3.13'" },
]
sdist = { url = "https://files.pythonhosted.org/packages/43/7c/d36d04db312ecf4298932ef77e6e4a9e8ad017906e24e34f0b0c361a2473/pytest_asyncio-1.4.0.tar.gz", hash = "sha256:c6c0d2259945122819f171a32ecea2c349ead889ee28176caaf492143424be42", size = 58514, upload-time = "2026-05-26T09:56:04.083Z" }
wheels = [
    { url = "https://files.pythonhosted.org/packages/03/e2/08a497ef684b88559c9cc5f4ad53a37e7b99e727094a86d6ea32536d5d3c/pytest_asyncio-1.4.0-py3-none-any.whl", hash = "sha256:933ca923a23075a87fb7070c0ec272a6848489824d887c85c812670932835aa1", size = 16930, upload-time = "2026-05-26T09:56:02.576Z" },
]

[[package]]
name = "pytest-xdist"
version = "3.8.0"
source = { registry = "https://pypi.org/simple" }
dependencies = [
    { name = "execnet" },
    { name = "pytest" },
]
sdist = { url = "https://files.pythonhosted.org/packages/78/b4/439b179d1ff526791eb921115fca8e44e596a13efeda518b9d845a619450/pytest_xdist-3.8.0.tar.gz", hash = "sha256:7e578125ec9bc6050861aa93f2d59f1d8d085595d6551c2c90b6f4fad8d3a9f1", size = 88069, upload-time = "2025-07-01T13:30:59.346Z" }
wheels = [
    { url = "https://files.pythonhosted.org/packages/ca/31/d4e37e9e550c2b92a9cbc2e4d0b7420a27224968580b5a447f420847c975/pytest_xdist-3.8.0-py3-none-any.whl", hash = "sha256:202ca578cfeb7370784a8c33d6d05bc6e13b4f25b5053c30a152269fd10f0b88", size = 46396, upload-time = "2025-07-01T13:30:56.632Z" },
]

[[package]]
name = "rsa"
version = "4.9.1"
source = { registry = "https://pypi.org/simple" }
dependencies = [
    { name = "pyasn1" },
]
sdist = { url = "https://files.pythonhosted.org/packages/da/8a/22b7beea3ee0d44b1916c0c1cb0ee3af23b700b6da9f04991899d0c555d4/rsa-4.9.1.tar.gz", hash = "sha256:e7bdbfdb5497da4c07dfd35530e1a902659db6ff241e39d9953cad06ebd0ae75", size = 29034, upload-time = "2025-04-16T09:51:18.218Z" }
wheels = [
    { url = "https://files.pythonhosted.org/packages/64/8d/0133e4eb4beed9e425d9a98ed6e081a55d195481b7632472be1af08d2f6b/rsa-4.9.1-py3-none-any.whl", hash = "sha256:68635866661c6836b8d39430f97a996acbd61bfa49406748ea243539fe239762", size = 34696, upload-time = "2025-04-16T09:51:17.142Z" },
]

[[package]]
name = "ruff"
version = "0.16.0"
source = { registry = "https://pypi.org/simple" }
sdist = { url = "https://files.pythonhosted.org/packages/4d/94/1e5e4967626faf12fa56999cd6222dff6992ceb086ad7945756baf70c7a7/ruff-0.16.0.tar.gz", hash = "sha256:e460aafd5495ec89efaa6ced2e4a9a581116451e1c88b9d37ef497e0f8e93982", size = 4790557, upload-time = "2026-07-23T19:11:30.981Z" }
wheels = [
    { url = "https://files.pythonhosted.org/packages/4b/81/1c8818fee7ce1a04cd7d1b3172e0a8f8e4f1dc4feb7fc390e16daa8af323/ruff-0.16.0-py3-none-linux_armv6l.whl", hash = "sha256:e5115729eb08c585e5121978ba5d5b60caeae394ce21b9fb5e6cd33a1c6c9b1e", size = 10754633, upload-time = "2026-07-23T19:10:46.415Z" },
    { url = "https://files.pythonhosted.org/packages/23/df/beaf59c09d68db84304d555f188b276a77132a5d5b0b67a5c762aa143628/ruff-0.16.0-py3-none-macosx_10_12_x86_64.whl", hash = "sha256:3c954b1d580bfa035b41654f7858cc7e71d5fc3ac5b723dd62bd9133830ed522", size = 10969164, upload-time = "2026-07-23T19:10:50.271Z" },
    { url = "https://files.pythonhosted.org/packages/42/ce/741cd197496a1abbf51352710fd15ed995d2a2be87189c1da26a450d6e83/ruff-0.16.0-py3-none-macosx_11_0_arm64.whl", hash = "sha256:e01c21d10eb1b29f47b7454e1f4056db9a3f0260c646aa88457c610291db9f81", size = 10488846, upload-time = "2026-07-23T19:10:52.639Z" },
    { url = "https://files.pythonhosted.org/packages/52/2a/a2db8e88cade358f5cdcb05674a917751074109315d014eb6352d9a893f7/ruff-0.16.0-py3-none-manylinux_2_17_aarch64.manylinux2014_aarch64.whl", hash = "sha256:6e364e5ed22ed8dc05082fd78e35308618260907ac2d3c1d637b2e682415b6c9", size = 10889729, upload-time = "2026-07-23T19:10:54.89Z" },
    { url = "https://files.pythonhosted.org/packages/42/65/62a771694ebd63029dc953e27dbad40e1588bd4860ff9fe881018fddaa49/ruff-0.16.0-py3-none-manylinux_2_17_armv7l.manylinux2014_armv7l.whl", hash = "sha256:d327b8fc113a1d4421a04f3839d3752057c8dd1ee320223a6f3f52d04ada462a", size = 10568275, upload-time = "2026-07-23T19:10:56.993Z" },
    { url = "https://files.pythonhosted.org/packages/3f/e2/ced249fe8af5f086c5c58cc21cc3356d50f32f7401c5df87050c999620a7/ruff-0.16.0-py3-none-manylinux_2_17_i686.manylinux2014_i686.whl", hash = "sha256:a9b50c55e263103586b3dcf5f73d479eb8cb5fdb6098fec59a62891dab653717", size = 11385112, upload-time = "2026-07-23T19:10:59.615Z" },
    { url = "https://files.pythonhosted.org/packages/87/0b/05154977a8fd69eeb6c103271f55403bfd8711f5c0f8ed07489d95a504e7/ruff-0.16.0-py3-none-manylinux_2_17_ppc64le.manylinux2014_ppc64le.whl", hash = "sha256:0ff4a79ce3ec0172f3241943835de1c4cb4e2dcd07f0f8c2d02603dbbbee4b17", size = 12207008, upload-time = "2026-07-23T19:11:02.154Z" },
    { url = "https://files.pythonhosted.org/packages/fb/29/98225831a3a1eab0e02f4acc6ca6559a98611dcc68b6965ff4b7234627c1/ruff-0.16.0-py3-none-manylinux_2_17_s390x.manylinux2014_s390x.whl", hash = "sha256:e95c448fca1fb2a18372a9440926c5a6ee789639bb975c72e7ae6d0b04218ab4", size = 11650842, upload-time = "2026-07-23T19:11:04.557Z" },
    { url = "https://files.pythonhosted.org/packages/91/66/6bd3cf90500653d55dc0ffc8507aa8300bd49d0214b2e8cb4d3fef2943ba/ruff-0.16.0-py3-none-manylinux_2_17_x86_64.manylinux2014_x86_64.whl", hash = "sha256:4f11a8d11010301d0a398a2fdef67691feca7294da6aef55e2150e8fa2cd520b", size = 11400718, upload-time = "2026-07-23T19:11:09.233Z" },
    { url = "https://files.pythonhosted.org/packages/8e/a2/a54eb4eae05d66364050a5d3b8a9c5ef88196531b3cbe7109d873f87f819/ruff-0.16.0-py3-none-manylinux_2_31_riscv64.whl", hash = "sha256:48044c678e9cb8698246c99b14aaccfa6601dea7379eb48a6f8f73f7a6d86cd0", size = 11426177, upload-time = "2026-07-23T19:11:11.994Z" },
    { url = "https://files.pythonhosted.org/packages/1a/be/16e3eea4b2a478a496919f5e36f17c4559e54620bd3bbac5d6affa068006/ruff-0.16.0-py3-none-musllinux_1_2_aarch64.whl", hash = "sha256:7aa0959bad8eb8bef50340154fc9b58678dae31fa4293afa38b44b6e552c0213", size = 10856126, upload-time = "2026-07-23T19:11:14.221Z" },
    { url = "https://files.pythonhosted.org/packages/a2/84/252eb8b868a16eec7257c14f504f77537e734b2d69c762e639e588e304a3/ruff-0.16.0-py3-none-musllinux_1_2_armv7l.whl", hash = "sha256:28ea2b7df8ebf7f9da6b7d47b230ab48f387c0a29be3b474c4d0740e197bb9af", size = 10571208, upload-time = "2026-07-23T19:11:16.378Z" },
    { url = "https://files.pythonhosted.org/packages/21/09/817a482f542f7570cbb4554b26e896610c7114f539b1d9e2d2145bf6bef6/ruff-0.16.0-py3-none-musllinux_1_2_i686.whl", hash = "sha256:33a3dfac8c35f81498dea9181bccc2f4c4bc8f1521a1dd9406e77643e0f0fb09", size = 11063329, upload-time = "2026-07-23T19:11:19.173Z" },
    { url = "https://files.pythonhosted.org/packages/2e/23/9403c180ca1cb9b1f7335f5c3e5305c09d49ea5b345196682a36028bde4a/ruff-0.16.0-py3-none-musllinux_1_2_x86_64.whl", hash = "sha256:a5237a0bda500d30d81b8e07a6973a5cbc772864cbf746ae2f4e8a2e01c9f4ed", size = 11489751, upload-time = "2026-07-23T19:11:21.74Z" },
    { url = "https://files.pythonhosted.org/packages/b2/1d/1b2ef7bcde851c78d7f17f1cca13fd6dc695fc4b3d6197941e72cae5b132/ruff-0.16.0-py3-none-win32.whl", hash = "sha256:7fab76fa065c873f41ff744347c6e77bcc3dfec4bcc754dc26b63d23c0f7f5fb", size = 10785885, upload-time = "2026-07-23T19:11:23.947Z" },
    { url = "https://files.pythonhosted.org/packages/b2/a3/d5e4ef7a56be3f928ffb90b94c25ba7d3cb9c7fe0736aeaaedf361770712/ruff-0.16.0-py3-none-win_amd64.whl", hash = "sha256:429c117f022bf481fabd9d551e7a3952b24c65e6ef44337ea09d90bebef14472", size = 11923141, upload-time = "2026-07-23T19:11:26.409Z" },
    { url = "https://files.pythonhosted.org/packages/cb/9a/8415f2657cbe200f41a4531ccededf135505a92d4a012229121f885b26f9/ruff-0.16.0-py3-none-win_arm64.whl", hash = "sha256:14296fedcd2705c77ab8235439278bbb38f285cf7da5528b00b3e330c3d4872d", size = 11273407, upload-time = "2026-07-23T19:11:28.705Z" },
]

[[package]]
name = "sortedcontainers"
version = "2.4.0"
source = { registry = "https://pypi.org/simple" }
sdist = { url = "https://files.pythonhosted.org/packages/e8/c4/ba2f8066cceb6f23394729afe52f3bf7adec04bf9ed2c820b39e19299111/sortedcontainers-2.4.0.tar.gz", hash = "sha256:25caa5a06cc30b6b83d11423433f65d1f9d76c4c6a0c90e3379eaa43b9bfdb88", size = 30594, upload-time = "2021-05-16T22:03:42.897Z" }
wheels = [
    { url = "https://files.pythonhosted.org/packages/32/46/9cb0e58b2deb7f82b84065f37f3bffeb12413f947f9388e4cac22c4621ce/sortedcontainers-2.4.0-py2.py3-none-any.whl", hash = "sha256:a163dcaede0f1c021485e957a39245190e74249897e2ae4b2aa38595db237ee0", size = 29575, upload-time = "2021-05-16T22:03:41.177Z" },
]

[[package]]
name = "telethon"
version = "1.44.0"
source = { registry = "https://pypi.org/simple" }
dependencies = [
    { name = "pyaes" },
    { name = "rsa" },
]
sdist = { url = "https://files.pythonhosted.org/packages/49/e2/d4137e598db0ba50e4cf9bf32f2e26d016b2c4bb0e9763e3d5a07007d780/telethon-1.44.0.tar.gz", hash = "sha256:7de1473e9e412e20bd57b102d8f50d48372712462be9ff6c003bb81c50ad7e98", size = 701463, upload-time = "2026-06-15T15:47:39.44Z" }
wheels = [
    { url = "https://files.pythonhosted.org/packages/82/fd/4ad621d7a4b8655dfc964ee1c1267407496ec6fd10c91901a64ea29c16c8/telethon-1.44.0-py3-none-any.whl", hash = "sha256:52fc49efb67a4916c2aedcb295ad286f4afa2aba9bf15d83ed2acdc64af0c718", size = 789786, upload-time = "2026-06-15T15:47:41.534Z" },
]

[[package]]
name = "tgcli"
version = "3.0.6"
source = { editable = "." }
dependencies = [
    { name = "telethon" },
]

[package.dev-dependencies]
dev = [
    { name = "hypothesis" },
    { name = "pyright" },
    { name = "pytest" },
    { name = "pytest-asyncio" },
    { name = "pytest-xdist" },
    { name = "ruff" },
]

[package.metadata]
requires-dist = [{ name = "telethon", specifier = "==1.44.0" }]

[package.metadata.requires-dev]
dev = [
    { name = "hypothesis", specifier = ">=6.100" },
    { name = "pyright", specifier = ">=1.1.390" },
    { name = "pytest", specifier = ">=8" },
    { name = "pytest-asyncio", specifier = ">=0.24" },
    { name = "pytest-xdist", specifier = ">=3.6" },
    { name = "ruff", specifier = ">=0.16" },
]

[[package]]
name = "typing-extensions"
version = "4.16.0"
source = { registry = "https://pypi.org/simple" }
sdist = { url = "https://files.pythonhosted.org/packages/f6/cc/6253133b5bb138fc3306cebfbda2c520f545d36b5be2c7255cc528bb45d6/typing_extensions-4.16.0.tar.gz", hash = "sha256:dc983d19a509c94dba722ee6abd33940f7c05a89e243c47e907eb4db6f1a43e5", size = 113555, upload-time = "2026-07-02T08:40:05.92Z" }
wheels = [
    { url = "https://files.pythonhosted.org/packages/49/d3/b8441a820a491ddfc024b0b0cf0393375b75ea13866d9c66727e54c2fc80/typing_extensions-4.16.0-py3-none-any.whl", hash = "sha256:481caa481374e813c1b176ada14e97f1f67a4539ce9cfeb3f350d78d6370c2e8", size = 45571, upload-time = "2026-07-02T08:40:04.659Z" },
]
